# This file is automatically @generated by Poetry 1.8.5 and should not be changed by hand.

[[package]]
name = "box2d"
version = "2.3.10"
description = "Python Box2D"
optional = false
python-versions = "*"
files = [
    {file = "Box2D-2.3.10-cp27-cp27m-win32.whl", hash = "sha256:d7ec7cc89e0f6eef5fe713c5b6ff767725e4ff61a5a3cc15babf42563a842e80"},
    {file = "Box2D-2.3.10-cp310-cp310-macosx_10_9_x86_64.whl", hash = "sha256:a6e967009d658f9d92c1d44339a6d3c456ab97678526d998f54a7b7cb6e8034b"},
    {file = "Box2D-2.3.10-cp310-cp310-macosx_11_0_arm64.whl", hash = "sha256:dd42fd4e73d8fec3b3b8538fca43bba4971bf476ccf0d43adb5b020e76a65721"},
    {file = "Box2D-2.3.10-cp310-cp310-manylinux_2_17_x86_64.manylinux2014_x86_64.whl", hash = "sha256:a1359afc20f9d9d5ab86310d0f4fb73f1cf2e0bacf7285afb8ec248175584d04"},
    {file = "Box2D-2.3.10-cp310-cp310-manylinux_2_5_i686.manylinux1_i686.manylinux_2_17_i686.manylinux2014_i686.whl", hash = "sha256:835f8f80b0e0c7e711ef3ed5e07ee9e64555c4d5e37025db11392085ee8e4d35"},
    {file = "Box2D-2.3.10-cp310-cp310-musllinux_1_2_i686.whl", hash = "sha256:f572738f52394e36fd24e892e8f220a60aa5e1c415ca0d07edbfe0049a61a118"},
    {file = "Box2D-2.3.10-cp310-cp310-musllinux_1_2_x86_64.whl", hash = "sha256:2e08fcb33555b41b721314f4ea60eddeaa84cfa9f2ec75a62006628803f84b9d"},
    {file = "Box2D-2.3.10-cp310-cp310-win32.whl", hash = "sha256:76fa0c6ab0091ce2f81d5165f53f483b57e50bf0bd22e66dcab461aca49d37aa"},
    {file = "Box2D-2.3.10-cp310-cp310-win_amd64.whl", hash = "sha256:edf6b50de84c0f26646868d0169c863501cd8f4c6e4780dcbb12246fc9ba7eb6"},
    {file = "Box2D-2.3.10-cp311-cp311-macosx_10_9_x86_64.whl", hash = "sha256:9d6ef55bb2d41bab0e5d332aa7bdeaa8ba3ef6f8d67842d8120f9629c9f98e9e"},
    {file = "Box2D-2.3.10-cp311-cp311-macosx_11_0_arm64.whl", hash = "sha256:ac0cb3f0de8c8d44c4ffbf395a9447c4598ce5548fef3fd5a53ae45f3c24bc2e"},
    {file = "Box2D-2.3.10-cp311-cp311-manylinux_2_17_x86_64.manylinux2014_x86_64.whl", hash = "sha256:1b27a17424c6860c2b80b0cbf46a460059beb21e8ea920c177b635be2406e18d"},
    {file = "Box2D-2.3.10-cp311-cp311-manylinux_2_5_i686.manylinux1_i686.manylinux_2_17_i686.manylinux2014_i686.whl", hash = "sha256:1971ab37f67593ad77b068184b699ac414f5d590da8fd85e2d99edb89ecf86f1"},
    {file = "Box2D-2.3.10-cp311-cp311-musllinux_1_2_i686.whl", hash = "sha256:b2999e5d17a452bd9ef2f40832c775cb4ca69429ff0dcd16c1159f89087e2329"},
    {file = "Box2D-2.3.10-cp311-cp311-musllinux_1_2_x86_64.whl", hash = "sha256:b1c45ae2a296e9b0f8b8b27248d3d0920ef459f89f25bf3333c7847c900017d0"},
    {file = "Box2D-2.3.10-cp311-cp311-win32.whl", hash = "sha256:230acaa22ec66c7910700461b9a9617ec1d205ffff28f2d55e2b31762852e287"},
    {file = "Box2D-2.3.10-cp311-cp311-win_amd64.whl", hash = "sha256:5f71f2402abe014fc615571dededd11f213e04a6190753a4f92e0cb659ae16eb"},
    {file = "Box2D-2.3.10-cp312-cp312-macosx_10_13_x86_64.whl", hash = "sha256:4dfba4a0639084bdf8eca0ed686ec16419538d5722b54ea1398998de9a705ab2"},
    {file = "Box2D-2.3.10-cp312-cp312-macosx_11_0_arm64.whl", hash = "sha256:b00a2edd8561d34cb88bd8818f1243b8fed030c8ad10b60181e8e57a45a74795"},
    {file = "Box2D-2.3.10-cp312-cp312-manylinux_2_17_x86_64.manylinux2014_x86_64.whl", hash = "sha256:041bdec01bb31d5e795af262d2bf8cc158929e149212dbfbbf4dcdcfd6de5f99"},
    {file = "Box2D-2.3.10-cp312-cp312-manylinux_2_5_i686.manylinux1_i686.manylinux_2_17_i686.manylinux2014_i686.whl", hash = "sha256:e97afcd97834524b7d3a1cf9f14a5b68da8c536c6002b4edf87ff1715ddccc5c"},
    {file = "Box2D-2.3.10-cp312-cp312-musllinux_1_2_i686.whl", hash = "sha256:d4083933c43ad01049e0315ff8217eb463567b8f68eb37d250fc88be9d52ae42"},
    {file = "Box2D-2.3.10-cp312-cp312-musllinux_1_2_x86_64.whl", hash = "sha256:6b0d1cb60b917297b0c9d770b3a7f152aa112f7d0f2a4c1634c5cc060f898c4f"},
    {file = "Box2D-2.3.10-cp312-cp312-win32.whl", hash = "sha256:b8d3d237de7caf729268687e3e7b0f8c13d509a67b6bb693d314f440c963f006"},
    {file = "Box2D-2.3.10-cp312-cp312-win_amd64.whl", hash = "sha256:ff9f434b61d2d9bf5c274aaa81a11ecd717441f64491bc22fda8151f3c35d78c"},
    {file = "Box2D-2.3.10-cp313-cp313-macosx_10_13_x86_64.whl", hash = "sha256:0bd976f03bb08ffc86172bbf687afdd6e499a34f7d0ebf9da65f7a9c0ff62ba9"},
    {file = "Box2D-2.3.10-cp313-cp313-macosx_11_0_arm64.whl", hash = "sha256:047d4faae2dc53c408970e494831361fce0460faaa2ed9544824dd3ea5321e7e"},
    {file = "Box2D-2.3.10-cp313-cp313-manylinux_2_17_x86_64.manylinux2014_x86_64.whl", hash = "sha256:ffa4f7955147dd64d33dbb1d360486984d13cda6e566c7c0c5bea348a8b172b4"},
    {file = "Box2D-2.3.10-cp313-cp313-manylinux_2_5_i686.manylinux1_i686.manylinux_2_17_i686.manylinux2014_i686.whl", hash = "sha256:f460cb51926ffa9897070f3e7a4a30389da47946c8287ae36bd34b72590b9a99"},
    {file = "Box2D-2.3.10-cp313-cp313-musllinux_1_2_i686.whl", hash = "sha256:90a48c81e5dc3667ee376d5f1986b645b0b5140644f39032ad2853ff760dd84a"},
    {file = "Box2D-2.3.10-cp313-cp313-musllinux_1_2_x86_64.whl", hash = "sha256:a09ded6f5a4b55f0188af2ad63a6f7d60adc7154671e9f32cef4a0cabf5ed542"},
    {file = "Box2D-2.3.10-cp313-cp313-win32.whl", hash = "sha256:6d4b0bd0e118e0449eadbadc6cf4617b1dbf72b411fbdccab4921108b3c2b768"},
    {file = "Box2D-2.3.10-cp313-cp313-win_amd64.whl", hash = "sha256:49f9d3d0d5956d360e25cd9733a29a3f0018297a3b554a401f19ed2c9499a507"},
    {file = "Box2D-2.3.10-cp35-cp35m-macosx_10_6_intel.whl", hash = "sha256:34928b2d5dc8479a0b3dfae39a44a0e7c7ad5a57cfbeba41d4fe48453bfaa77a"},
    {file = "Box2D-2.3.10-cp35-cp35m-manylinux1_i686.whl", hash = "sha256:0b55fbbe30e2e78e79c35473be94fc7aecba0a9d9d120e52170191b7975ff020"},
    {file = "Box2D-2.3.10-cp35-cp35m-manylinux1_x86_64.whl", hash = "sha256:54fe770d353257a779661a16fb559d7dfc4da831726eef232aebb75ae590dfb9"},
    {file = "Box2D-2.3.10-cp36-cp36m-macosx_10_9_x86_64.whl", hash = "sha256:dccfee7b64af849fb0d410ab3bdecd7b99115df228083b8f3782ea244875d22c"},
    {file = "Box2D-2.3.10-cp36-cp36m-manylinux1_i686.whl", hash = "sha256:9b9836bb36e7e44d6fddb77ccc7b3fff29d8a6bc638948ddd622fd45fdbaddda"},
    {file = "Box2D-2.3.10-cp36-cp36m-manylinux1_x86_64.whl", hash = "sha256:6c3bbca0e4eb0a681439c477fc6c7bdd4d8e9d93e9d18fd8dbae682467512049"},
    {file = "Box2D-2.3.10-cp36-cp36m-manylinux_2_17_x86_64.manylinux2014_x86_64.whl", hash = "sha256:eef6245f7a415b95ca28c05e1145960e33a8e5e794175ed6bd7d2b8fc27b8ef9"},
    {file = "Box2D-2.3.10-cp36-cp36m-manylinux_2_5_i686.manylinux1_i686.manylinux_2_17_i686.manylinux2014_i686.whl", hash = "sha256:3139ad309d42c320094550e0fbebd0523127e1a9cab153bced87b6bf00e88d40"},
    {file = "Box2D-2.3.10-cp36-cp36m-musllinux_1_2_i686.whl", hash = "sha256:091bea3f047c33849154833ffd035b16132dc97a3a59d7d6cfc15d087ef29b96"},
    {file = "Box2D-2.3.10-cp36-cp36m-musllinux_1_2_x86_64.whl", hash = "sha256:e86d8f798dfb792c77f48a74aab7ca8ba4a031f18f79886031407fa626041509"},
    {file = "Box2D-2.3.10-cp36-cp36m-win32.whl", hash = "sha256:69e25c3fe590d8736163c5783d02cd3c5a0d50cb0e045672ff6e95e560d48fa3"},
    {file = "Box2D-2.3.10-cp36-cp36m-win_amd64.whl", hash = "sha256:257d8779decaa3ffbbfb7f7b3261e635775db1b93955ad95efbc8563a464bc7d"},
    {file = "Box2D-2.3.10-cp37-cp37m-macosx_10_9_x86_64.whl", hash = "sha256:d1d7f298b6c4f5e862fdeabd59a8b0e21269647cff615a3f76fea9d2934ad7ca"},
    {file = "Box2D-2.3.10-cp37-cp37m-manylinux1_i686.whl", hash = "sha256:e4870ae6caa491264456be1cdbceeba7f14de51a9fdaa19fa0e5871d22b519f6"},
    {file = "Box2D-2.3.10-cp37-cp37m-manylinux1_x86_64.whl", hash = "sha256:827e224751130ffc608b60fcb2d21390200cd5ea1cc86c15eae1b08abb3f1266"},
    {file = "Box2D-2.3.10-cp37-cp37m-manylinux_2_17_x86_64.manylinux2014_x86_64.whl", hash = "sha256:3941f5eead53758cc094eb526887969cb0bba3b1e556b02087b61de0872b0705"},
    {file = "Box2D-2.3.10-cp37-cp37m-manylinux_2_5_i686.manylinux1_i686.manylinux_2_17_i686.manylinux2014_i686.whl", hash = "sha256:ab46705f0dc7a19d20c749096c4d0e2066bb9e287e5ec1087d6c4263edb24f48"},
    {file = "Box2D-2.3.10-cp37-cp37m-musllinux_1_2_i686.whl", hash = "sha256:020abc4ccaddc56ed343f821921b2d5d1e3a1b25f61f0f7c2e8cdd1c3d46e952"},
    {file = "Box2D-2.3.10-cp37-cp37m-musllinux_1_2_x86_64.whl", hash = "sha256:bc8d9746cf16e599a7f9aeffa2e5b082ecfa0d6b65cb83c2eccaed5d2bfa3802"},
    {file = "Box2D-2.3.10-cp37-cp37m-win32.whl", hash = "sha256:dc682ba34473fdbd2d901a96db651662f7af09c423f98faca1cb430ed2c0188a"},
    {file = "Box2D-2.3.10-cp37-cp37m-win_amd64.whl", hash = "sha256:11687af5d483e54c3b1afe3d159e07830d6338b936950853a942b7a579b862b6"},
    {file = "Box2D-2.3.10-cp38-cp38-macosx_10_9_x86_64.whl", hash = "sha256:9dd6a58d2dcf1b3b2e91ce2b5d50b548f53cad055739fb3f2cfd6296bd5ed138"},
    {file = "Box2D-2.3.10-cp38-cp38-macosx_11_0_arm64.whl", hash = "sha256:d77205c028f715b74b95a5abb987253a60741702d266ac4657e02b079f1291e8"},
    {file = "Box2D-2.3.10-cp38-cp38-manylinux1_i686.whl", hash = "sha256:edf96b308df449b9051e6f8079c926cfa4106c065d04608594b91b9f6d1dcb43"},
    {file = "Box2D-2.3.10-cp38-cp38-manylinux1_x86_64.whl", hash = "sha256:802975ac751df1d7f5e98086503227cc74ad0033c7509eb0fb08d3dd9598fea9"},
    {file = "Box2D-2.3.10-cp38-cp38-manylinux_2_17_x86_64.manylinux2014_x86_64.whl", hash = "sha256:8d2ab98bb58f7cc8cedb598abd25f8adafd85ca2dce281e1e1ed1e4ddb845080"},
    {file = "Box2D-2.3.10-cp38-cp38-manylinux_2_5_i686.manylinux1_i686.manylinux_2_17_i686.manylinux2014_i686.whl", hash = "sha256:ccd8c4c399f1ff8e52a37c47e66dc69b54049bb2e9e472f5a144c9de837be38d"},
    {file = "Box2D-2.3.10-cp38-cp38-musllinux_1_2_i686.whl", hash = "sha256:18cb774cde862d6a62e1cdf8cd24fdda1a330ec6ef5c1303631acb24cc6dbe19"},
    {file = "Box2D-2.3.10-cp38-cp38-musllinux_1_2_x86_64.whl", hash = "sha256:423d684227d72af68bcc6219f6468ef7261adbed5dd2a9e97524caf98367a397"},
    {file = "Box2D-2.3.10-cp38-cp38-win32.whl", hash = "sha256:dca4b52b75ceb0dcc7de0d07f5fee639c707326d8a266bb89994cd3f713859f8"},
    {file = "Box2D-2.3.10-cp38-cp38-win_amd64.whl", hash = "sha256:777f5d8f56ca10821f0e08363887058e94e9b1c5c1a6d5d007e5c2a93c0d6215"},
    {file = "Box2D-2.3.10-cp39-cp39-macosx_10_9_x86_64.whl", hash = "sha256:895ab971e7c38e9b519bb4f2a98ec66567fe9894e9d2e35aa4c446a826d44733"},
    {file = "Box2D-2.3.10-cp39-cp39-macosx_11_0_arm64.whl", hash = "sha256:8b50f53a7fa508f2eabe136b591a074b2f0bcb2a4d467509e304e910a04a5f46"},
    {file = "Box2D-2.3.10-cp39-cp39-manylinux_2_17_x86_64.manylinux2014_x86_64.whl", hash = "sha256:60cc63d0405d4a0f32c5c586c40e9d7f1e4a061717026eb7c0152a64774d62e9"},
    {file = "Box2D-2.3.10-cp39-cp39-manylinux_2_5_i686.manylinux1_i686.manylinux_2_17_i686.manylinux2014_i686.whl", hash = "sha256:82572546f4eca310ab6ace077a2f8623e3da2f92640040cb7966ec8ebbdb6ad1"},
    {file = "Box2D-2.3.10-cp39-cp39-musllinux_1_2_i686.whl", hash = "sha256:fa2861d5048b14ef0b3557a0a0abaaabcaa26a8408ced6aed7b47f35e7c0de9c"},
    {file = "Box2D-2.3.10-cp39-cp39-musllinux_1_2_x86_64.whl", hash = "sha256:cb0166ae1896358920c035824dffede3c3f8537ff0922b6c431c072f353f71cf"},
    {file = "Box2D-2.3.10-cp39-cp39-win32.whl", hash = "sha256:02b66511589c688f9ba43a07867d539a2b546153a5aa5716971631fc2d67aea6"},
    {file = "Box2D-2.3.10-cp39-cp39-win_amd64.whl", hash = "sha256:acba799b9c8fd0521e32d859fb2f3be59cdcfd7ef89ff1c16d337030bd897bf5"},
    {file = "Box2D-2.3.10-pp310-pypy310_pp73-macosx_10_15_x86_64.whl", hash = "sha256:0eaae4c066a9bce079c2bb1ecc67b89ab30bb81381b1ed96118fada43b52f3e7"},
    {file = "Box2D-2.3.10-pp310-pypy310_pp73-macosx_11_0_arm64.whl", hash = "sha256:f64d8bfea2d1e0bbf00c7777099617644ae7ef60457645d35fb608d2cbde01ac"},
    {file = "Box2D-2.3.10-pp310-pypy310_pp73-manylinux_2_17_x86_64.manylinux2014_x86_64.whl", hash = "sha256:27802979e12b904bdfd28373963020be0b42a0bc2f019e8f4f0dad30da71e506"},
    {file = "Box2D-2.3.10-pp310-pypy310_pp73-manylinux_2_5_i686.manylinux1_i686.manylinux_2_17_i686.manylinux2014_i686.whl", hash = "sha256:d3c4f4d853e2f351fabb1ed113f1527b987ab1b944112090cf5fa5368a116455"},
    {file = "Box2D-2.3.10-pp310-pypy310_pp73-win_amd64.whl", hash = "sha256:003456c0edb68cae3d7a0064d9564c6845f37285a42d75428cb4425567d569d9"},
    {file = "Box2D-2.3.10-pp37-pypy37_pp73-macosx_10_9_x86_64.whl", hash = "sha256:5a2f3b2955127d69155cf4420b993c22fb957baf63ea0c0d2e70fcab2f2a7d56"},
    {file = "Box2D-2.3.10-pp37-pypy37_pp73-manylinux_2_17_x86_64.manylinux2014_x86_64.whl", hash = "sha256:9a0d38a548f00fa6e9555564eea31e538b5f354d62b83184bb07b5b0930b0780"},
    {file = "Box2D-2.3.10-pp37-pypy37_pp73-manylinux_2_5_i686.manylinux1_i686.manylinux_2_17_i686.manylinux2014_i686.whl", hash = "sha256:e399c4ffdefbaae8ef8a67a5374de1b1c9e74c57dd7f1a0391bf10f16605ed93"},
    {file = "Box2D-2.3.10-pp37-pypy37_pp73-win_amd64.whl", hash = "sha256:bde3b2f4d921e14fd153b3fdb7973066929db8120273bac90d5ba0e892102d86"},
    {file = "Box2D-2.3.10-pp38-pypy38_pp73-macosx_10_9_x86_64.whl", hash = "sha256:8ee00a4ebcd2588bc7e05d1ca70cfb67e9e959c2eefe8c3085ff5246c89d7bd3"},
    {file = "Box2D-2.3.10-pp38-pypy38_pp73-macosx_11_0_arm64.whl", hash = "sha256:fd0b395aad03f6caa25e5730af0ac649a0b8476dd4cd741eb1575beb1efa5bab"},
    {file = "Box2D-2.3.10-pp38-pypy38_pp73-manylinux_2_17_x86_64.manylinux2014_x86_64.whl", hash = "sha256:2cf6a8afeb26e2e9918919dd0d7d6be07167d00c942aee851ac0e69830a17fd4"},
    {file = "Box2D-2.3.10-pp38-pypy38_pp73-manylinux_2_5_i686.manylinux1_i686.manylinux_2_17_i686.manylinux2014_i686.whl", hash = "sha256:bbb68c114152b4d6c9efd52fb8c3c227db1d518e1926c29168b07ce126b98b7b"},
    {file = "Box2D-2.3.10-pp38-pypy38_pp73-win_amd64.whl", hash = "sha256:1f6fbfabcbe7f6c98aed3f94d795324406681f7696987c32cc1194c89afaf90e"},
    {file = "Box2D-2.3.10-pp39-pypy39_pp73-macosx_10_15_x86_64.whl", hash = "sha256:4645b9797f1b007716f6c6ed20f3ba5a63bdd9ce8fae0f686e146f894b791253"},
    {file = "Box2D-2.3.10-pp39-pypy39_pp73-macosx_11_0_arm64.whl", hash = "sha256:dacad2bf97fc16704efda2b88542634611aed0f991b8f112df4db92dc8b3a92c"},
    {file = "Box2D-2.3.10-pp39-pypy39_pp73-manylinux_2_17_x86_64.manylinux2014_x86_64.whl", hash = "sha256:3bcbd22138d76e0d76d6cea45b6108ce8e4d2b64a0a77008e32d26c49fce3c08"},
    {file = "Box2D-2.3.10-pp39-pypy39_pp73-manylinux_2_5_i686.manylinux1_i686.manylinux_2_17_i686.manylinux2014_i686.whl", hash = "sha256:f5563d459fa9b83db17512cef38d8f340556a31feb9e529deca06b44ee24a121"},
    {file = "Box2D-2.3.10-pp39-pypy39_pp73-win_amd64.whl", hash = "sha256:cca1fbe79996f43f01bcdce5a877ee40ebd815b1b7ae1e8dc4a97624103306fa"},
]

[[package]]
name = "pygame"
version = "2.6.1"
description = "Python Game Development"
optional = false
python-versions = ">=3.6"
files = [
    {file = "pygame-2.6.1-cp310-cp310-macosx_10_9_x86_64.whl", hash = "sha256:9beeb647e555afb5657111fa83acb74b99ad88761108eaea66472e8b8547b55b"},
    {file = "pygame-2.6.1-cp310-cp310-macosx_11_0_arm64.whl", hash = "sha256:10e3d2a55f001f6c0a6eb44aa79ea7607091c9352b946692acedb2ac1482f1c9"},
    {file = "pygame-2.6.1-cp310-cp310-manylinux_2_17_aarch64.manylinux2014_aarch64.whl", hash = "sha256:816e85000c5d8b02a42b9834f761a5925ef3377d2924e3a7c4c143d2990ce5b8"},
    {file = "pygame-2.6.1-cp310-cp310-manylinux_2_17_i686.manylinux2014_i686.whl", hash = "sha256:8a78fd030d98faab4a8e27878536fdff7518d3e062a72761c552f624ebba5a5f"},
    {file = "pygame-2.6.1-cp310-cp310-manylinux_2_17_x86_64.manylinux2014_x86_64.whl", hash = "sha256:da3ad64d685f84a34ebe5daacb39fff14f1251acb34c098d760d63fee768f50c"},
    {file = "pygame-2.6.1-cp310-cp310-win32.whl", hash = "sha256:9dd5c054d4bd875a8caf978b82672f02bec332f52a833a76899220c460bb4b58"},
    {file = "pygame-2.6.1-cp310-cp310-win_amd64.whl", hash = "sha256:00827aba089355925902d533f9c41e79a799641f03746c50a374dc5c3362e43d"},
    {file = "pygame-2.6.1-cp311-cp311-macosx_10_9_x86_64.whl", hash = "sha256:20349195326a5e82a16e351ed93465a7845a7e2a9af55b7bc1b2110ea3e344e1"},
    {file = "pygame-2.6.1-cp311-cp311-macosx_11_0_arm64.whl", hash = "sha256:f3935459109da4bb0b3901da9904f0a3e52028a3332a355d298b1673a334cf21"},
    {file = "pygame-2.6.1-cp311-cp311-manylinux_2_17_aarch64.manylinux2014_aarch64.whl", hash = "sha256:c31dbdb5d0217f32764797d21c2752e258e5fb7e895326538d82b5f75a0cd856"},
    {file = "pygame-2.6.1-cp311-cp311-manylinux_2_17_i686.manylinux2014_i686.whl", hash = "sha256:173badf82fa198e6888017bea40f511cb28e69ecdd5a72b214e81e4dcd66c3b1"},
    {file = "pygame-2.6.1-cp311-cp311-manylinux_2_17_x86_64.manylinux2014_x86_64.whl", hash = "sha256:ce8cc108b92de9b149b344ad2e25eedbe773af0dc41dfb24d1f07f679b558c60"},
    {file = "pygame-2.6.1-cp311-cp311-win32.whl", hash = "sha256:811e7b925146d8149d79193652cbb83e0eca0aae66476b1cb310f0f4226b8b5c"},
    {file = "pygame-2.6.1-cp311-cp311-win_amd64.whl", hash = "sha256:91476902426facd4bb0dad4dc3b2573bc82c95c71b135e0daaea072ed528d299"},
    {file = "pygame-2.6.1-cp312-cp312-macosx_10_9_x86_64.whl", hash = "sha256:4ee7f2771f588c966fa2fa8b829be26698c9b4836f82ede5e4edc1a68594942e"},
    {file = "pygame-2.6.1-cp312-cp312-macosx_11_0_arm64.whl", hash = "sha256:c8040ea2ab18c6b255af706ec01355c8a6b08dc48d77fd4ee783f8fc46a843bf"},
    {file = "pygame-2.6.1-cp312-cp312-manylinux_2_17_aarch64.manylinux2014_aarch64.whl", hash = "sha256:c47a6938de93fa610accd4969e638c2aebcb29b2fca518a84c3a39d91ab47116"},
    {file = "pygame-2.6.1-cp312-cp312-manylinux_2_17_i686.manylinux2014_i686.whl", hash = "sha256:33006f784e1c7d7e466fcb61d5489da59cc5f7eb098712f792a225df1d4e229d"},
    {file = "pygame-2.6.1-cp312-cp312-manylinux_2_17_x86_64.manylinux2014_x86_64.whl", hash = "sha256:1206125f14cae22c44565c9d333607f1d9f59487b1f1432945dfc809aeaa3e88"},
    {file = "pygame-2.6.1-cp312-cp312-win32.whl", hash = "sha256:84fc4054e25262140d09d39e094f6880d730199710829902f0d8ceae0213379e"},
    {file = "pygame-2.6.1-cp312-cp312-win_amd64.whl", hash = "sha256:3a9e7396be0d9633831c3f8d5d82dd63ba373ad65599628294b7a4f8a5a01a65"},
    {file = "pygame-2.6.1-cp313-cp313-macosx_10_13_x86_64.whl", hash = "sha256:ae6039f3a55d800db80e8010f387557b528d34d534435e0871326804df2a62f2"},
    {file = "pygame-2.6.1-cp313-cp313-macosx_11_0_arm64.whl", hash = "sha256:2a3a1288e2e9b1e5834e425bedd5ba01a3cd4902b5c2bff8ed4a740ccfe98171"},
    {file = "pygame-2.6.1-cp313-cp313-manylinux_2_17_aarch64.manylinux2014_aarch64.whl", hash = "sha256:27eb17e3dc9640e4b4683074f1890e2e879827447770470c2aba9f125f74510b"},
    {file = "pygame-2.6.1-cp313-cp313-manylinux_2_17_i686.manylinux2014_i686.whl", hash = "sha256:4c1623180e70a03c4a734deb9bac50fc9c82942ae84a3a220779062128e75f3b"},
    {file = "pygame-2.6.1-cp313-cp313-manylinux_2_17_x86_64.manylinux2014_x86_64.whl", hash = "sha256:ef07c0103d79492c21fced9ad68c11c32efa6801ca1920ebfd0f15fb46c78b1c"},
    {file = "pygame-2.6.1-cp313-cp313-win32.whl", hash = "sha256:3acd8c009317190c2bfd81db681ecef47d5eb108c2151d09596d9c7ea9df5c0e"},
    {file = "pygame-2.6.1-cp313-cp313-win_amd64.whl", hash = "sha256:813af4fba5d0b2cb8e58f5d95f7910295c34067dcc290d34f1be59c48bd1ea6a"},
    {file = "pygame-2.6.1-cp36-cp36m-macosx_10_9_x86_64.whl", hash = "sha256:56ffca6059b165bbf64f4b4be23b8068f6a0e220780e4f96ec0bb5ac3c63ec39"},
    {file = "pygame-2.6.1-cp36-cp36m-manylinux_2_17_aarch64.manylinux2014_aarch64.whl", hash = "sha256:3bede70ec708057e305815d6546012669226d1d80566785feca9b044216062e7"},
    {file = "pygame-2.6.1-cp36-cp36m-manylinux_2_17_i686.manylinux2014_i686.whl", hash = "sha256:f84f15d146d6aa93254008a626c56ef96fed276006202881a47b29757f0cd65a"},
    {file = "pygame-2.6.1-cp36-cp36m-manylinux_2_17_x86_64.manylinux2014_x86_64.whl", hash = "sha256:14f9dda45469b254c0f15edaaeaa85d2cc072ff6a83584a265f5d684c7f7efd8"},
    {file = "pygame-2.6.1-cp36-cp36m-win32.whl", hash = "sha256:28b43190436037e428a5be28fc80cf6615304fd528009f2c688cc828f4ff104b"},
    {file = "pygame-2.6.1-cp36-cp36m-win_amd64.whl", hash = "sha256:a4b8f04fceddd9a3ac30778d11f0254f59efcd1c382d5801271113cea8b4f2f3"},
    {file = "pygame-2.6.1-cp37-cp37m-macosx_10_9_x86_64.whl", hash = "sha256:a620883d589926f157b8f1d1f543183ac52e5c30507dea445e3927ae0bee1c54"},
    {file = "pygame-2.6.1-cp37-cp37m-manylinux_2_17_aarch64.manylinux2014_aarch64.whl", hash = "sha256:b46e68cd168f44d0224c670bb72186688fc692d7079715f79d04096757d703d0"},
    {file = "pygame-2.6.1-cp37-cp37m-manylinux_2_17_i686.manylinux2014_i686.whl", hash = "sha256:c0b11356ac96261162d54a2c2b41a41978f00525631b01ec9c4fe26b01c66595"},
    {file = "pygame-2.6.1-cp37-cp37m-manylinux_2_17_x86_64.manylinux2014_x86_64.whl", hash = "sha256:325a84d072d52e3c2921eff02f87c6a74b7e77d71db3bdf53801c6c975f1b6c4"},
    {file = "pygame-2.6.1-cp37-cp37m-win32.whl", hash = "sha256:2a615d78b2364e86f541458ff41c2a46181b9a1e9eabd97b389282fdf04efbb3"},
    {file = "pygame-2.6.1-cp37-cp37m-win_amd64.whl", hash = "sha256:94afd1177680d92f9214c54966ad3517d18210c4fbc5d84a0192d218e93647e0"},
    {file = "pygame-2.6.1-cp38-cp38-macosx_10_9_x86_64.whl", hash = "sha256:97ac4e13847b6b293ecaffa5ffce9886c98d09c03309406931cc592f0cea6366"},
    {file = "pygame-2.6.1-cp38-cp38-macosx_11_0_arm64.whl", hash = "sha256:d1a7f2b66ac2e4c9583b6d4c6d6f346fb10a3392c04163f537061f86a448ed5c"},
    {file = "pygame-2.6.1-cp38-cp38-manylinux_2_17_aarch64.manylinux2014_aarch64.whl", hash = "sha256:ac3f033d2be4a9e23660a96afe2986df3a6916227538a6a0061bc218c5088507"},
    {file = "pygame-2.6.1-cp38-cp38-manylinux_2_17_i686.manylinux2014_i686.whl", hash = "sha256:a1bf7ab5311bbced70320f1a56701650b4c18231343ae5af42111eea91e0949a"},
    {file = "pygame-2.6.1-cp38-cp38-manylinux_2_17_x86_64.manylinux2014_x86_64.whl", hash = "sha256:21160d9093533eb831f1b708e630706e5ac16b30750571ec27bc3b8364814f38"},
    {file = "pygame-2.6.1-cp38-cp38-win32.whl", hash = "sha256:7bffdd3eaf394d9645331d1c3a5df9d782ebcc3c5a78f3b657c7879a828dd111"},
    {file = "pygame-2.6.1-cp38-cp38-win_amd64.whl", hash = "sha256:818b4eaec9c4acb6ac64805d4ca8edd4062bebca77bd815c18739fe2842c97e9"},
    {file = "pygame-2.6.1-cp39-cp39-macosx_10_9_x86_64.whl", hash = "sha256:15efaa11a80a65dd589a95bebe812fa5bfc7e14946b638a424c5bd9ac6cca1a4"},
    {file = "pygame-2.6.1-cp39-cp39-macosx_11_0_arm64.whl", hash = "sha256:481cfe1bdbb7fe00acc5950c494c26f00240888619bdc396fc8c39a734797432"},
    {file = "pygame-2.6.1-cp39-cp39-manylinux_2_17_aarch64.manylinux2014_aarch64.whl", hash = "sha256:5d09fd950725d187aa5207c0cb8eb9ab0d2f8ce9ab8d189c30eeb470e71b617e"},
    {file = "pygame-2.6.1-cp39-cp39-manylinux_2_17_i686.manylinux2014_i686.whl", hash = "sha256:163e66de169bd5670c86e27d0b74aad0d2d745e3b63cf4e7eb5b2bff1231ca8d"},
    {file = "pygame-2.6.1-cp39-cp39-manylinux_2_17_x86_64.manylinux2014_x86_64.whl", hash = "sha256:fb6e8d0547f30ddc845f4fd1e33070ef548233ad0dbf21f7ecea768883d1bbdc"},
    {file = "pygame-2.6.1-cp39-cp39-win32.whl", hash = "sha256:d29eb9a93f12aa3d997b6e3c447ac85b2a4b142ab2548441523a8fcf5e216042"},
    {file = "pygame-2.6.1-cp39-cp39-win_amd64.whl", hash = "sha256:6582aa71a681e02e55d43150a9ab41394e6bf4d783d2962a10aea58f424be060"},
    {file = "pygame-2.6.1-pp36-pypy36_pp73-win32.whl", hash = "sha256:4a8ea113b1bf627322a025a1a5a87e3818a7f55ab3a4077ff1ae5c8c60576614"},
    {file = "pygame-2.6.1-pp38-pypy38_pp73-macosx_10_9_x86_64.whl", hash = "sha256:b7f9f8e6f76de36f4725175d686601214af362a4f30614b4dae2240198e72e6f"},
    {file = "pygame-2.6.1-pp39-pypy39_pp73-macosx_10_15_x86_64.whl", hash = "sha256:bbb7167c92103a2091366e9af26d4914ba3776666e8677d3c93551353fffa626"},
    {file = "pygame-2.6.1-pp39-pypy39_pp73-manylinux_2_17_i686.manylinux2014_i686.whl", hash = "sha256:17498a2b043bc0e795faedef1b081199c688890200aef34991c1941caa2d2c89"},
    {file = "pygame-2.6.1-pp39-pypy39_pp73-manylinux_2_17_x86_64.manylinux2014_x86_64.whl", hash = "sha256:7103c60939bbc1e05cfc7ba3f1d2ad3bbf103b7828b82a7166a9ab6f51950146"},
    {file = "pygame-2.6.1.tar.gz", hash = "sha256:56fb02ead529cee00d415c3e007f75e0780c655909aaa8e8bf616ee09c9feb1f"},
]

[metadata]
lock-version = "2.0"
python-versions = "^3.8"
content-hash = "17606448acd1928fba90577bcd8c02e4ee8935233c18d6c6923b8cac2fdee132"
